
Microsoft Visual Studio Solution File, Format Version 12.00
# Visual Studio Version 17
VisualStudioVersion = 17.9.34622.214
MinimumVisualStudioVersion = 10.0.40219.1
Project("{FAE04EC0-301F-11D3-BF4B-00C04F79EFBC}") = "CleverDecksLauncher", "CleverDecksLauncher.csproj", "{92520656-88A0-4056-8702-ACED8461CB90}"
EndProject
Global
	GlobalSection(SolutionConfigurationPlatforms) = preSolution
		Debug|Any CPU = Debug|Any CPU
		Release|Any CPU = Release|Any CPU
	EndGlobalSection
	GlobalSection(ProjectConfigurationPlatforms) = postSolution
		{92520656-88A0-4056-8702-ACED8461CB90}.Debug|Any CPU.ActiveCfg = Debug|Any CPU
		{92520656-88A0-4056-8702-ACED8461CB90}.Debug|Any CPU.Build.0 = Debug|Any CPU
		{92520656-88A0-4056-8702-ACED8461CB90}.Release|Any CPU.ActiveCfg = Release|Any CPU
		{92520656-88A0-4056-8702-ACED8461CB90}.Release|Any CPU.Build.0 = Release|Any CPU
	EndGlobalSection
	GlobalSection(SolutionProperties) = preSolution
		HideSolutionNode = FALSE
	EndGlobalSection
	GlobalSection(ExtensibilityGlobals) = postSolution
		SolutionGuid = {3669E4AB-46E8-4248-9BE8-91F402035123}
	EndGlobalSection
EndGlobal
